
Microsoft Visual Studio Solution File, Format Version 12.00
# Visual Studio Version 17
VisualStudioVersion = 17.6.33723.286
MinimumVisualStudioVersion = 10.0.40219.1
Project("{FAE04EC0-301F-11D3-BF4B-00C04F79EFBC}") = "Lab04.02", "Lab04.02\Lab04.02.csproj", "{7DDDC44D-3728-41D6-BA84-AF569C1D7072}"
EndProject
Global
	GlobalSection(SolutionConfigurationPlatforms) = preSolution
		Debug|Any CPU = Debug|Any CPU
		Release|Any CPU = Release|Any CPU
	EndGlobalSection
	GlobalSection(ProjectConfigurationPlatforms) = postSolution
		{7DDDC44D-3728-41D6-BA84-AF569C1D7072}.Debug|Any CPU.ActiveCfg = Debug|Any CPU
		{7DDDC44D-3728-41D6-BA84-AF569C1D7072}.Debug|Any CPU.Build.0 = Debug|Any CPU
		{7DDDC44D-3728-41D6-BA84-AF569C1D7072}.Release|Any CPU.ActiveCfg = Release|Any CPU
		{7DDDC44D-3728-41D6-BA84-AF569C1D7072}.Release|Any CPU.Build.0 = Release|Any CPU
	EndGlobalSection
	GlobalSection(SolutionProperties) = preSolution
		HideSolutionNode = FALSE
	EndGlobalSection
	GlobalSection(ExtensibilityGlobals) = postSolution
		SolutionGuid = {11F1B986-C51B-4D3F-AF3A-DDE0230549C4}
	EndGlobalSection
EndGlobal
