
Microsoft Visual Studio Solution File, Format Version 12.00
# Visual Studio Version 17
VisualStudioVersion = 17.6.33723.286
MinimumVisualStudioVersion = 10.0.40219.1
Project("{FAE04EC0-301F-11D3-BF4B-00C04F79EFBC}") = "Lab05ques04", "Lab05ques04\Lab05ques04.csproj", "{B1FF9565-0A3A-41B7-B90C-7A265CEE3D35}"
EndProject
Global
	GlobalSection(SolutionConfigurationPlatforms) = preSolution
		Debug|Any CPU = Debug|Any CPU
		Release|Any CPU = Release|Any CPU
	EndGlobalSection
	GlobalSection(ProjectConfigurationPlatforms) = postSolution
		{B1FF9565-0A3A-41B7-B90C-7A265CEE3D35}.Debug|Any CPU.ActiveCfg = Debug|Any CPU
		{B1FF9565-0A3A-41B7-B90C-7A265CEE3D35}.Debug|Any CPU.Build.0 = Debug|Any CPU
		{B1FF9565-0A3A-41B7-B90C-7A265CEE3D35}.Release|Any CPU.ActiveCfg = Release|Any CPU
		{B1FF9565-0A3A-41B7-B90C-7A265CEE3D35}.Release|Any CPU.Build.0 = Release|Any CPU
	EndGlobalSection
	GlobalSection(SolutionProperties) = preSolution
		HideSolutionNode = FALSE
	EndGlobalSection
	GlobalSection(ExtensibilityGlobals) = postSolution
		SolutionGuid = {BBE4AED2-29AE-422F-BC0D-5FE991D77A3B}
	EndGlobalSection
EndGlobal
