
Microsoft Visual Studio Solution File, Format Version 12.00
# Visual Studio Version 17
VisualStudioVersion = 17.6.33723.286
MinimumVisualStudioVersion = 10.0.40219.1
Project("{FAE04EC0-301F-11D3-BF4B-00C04F79EFBC}") = "Lab04que02", "Lab04que02\Lab04que02.csproj", "{87509253-2EFA-402F-AC7F-1149FEE9AFBE}"
EndProject
Global
	GlobalSection(SolutionConfigurationPlatforms) = preSolution
		Debug|Any CPU = Debug|Any CPU
		Release|Any CPU = Release|Any CPU
	EndGlobalSection
	GlobalSection(ProjectConfigurationPlatforms) = postSolution
		{87509253-2EFA-402F-AC7F-1149FEE9AFBE}.Debug|Any CPU.ActiveCfg = Debug|Any CPU
		{87509253-2EFA-402F-AC7F-1149FEE9AFBE}.Debug|Any CPU.Build.0 = Debug|Any CPU
		{87509253-2EFA-402F-AC7F-1149FEE9AFBE}.Release|Any CPU.ActiveCfg = Release|Any CPU
		{87509253-2EFA-402F-AC7F-1149FEE9AFBE}.Release|Any CPU.Build.0 = Release|Any CPU
	EndGlobalSection
	GlobalSection(SolutionProperties) = preSolution
		HideSolutionNode = FALSE
	EndGlobalSection
	GlobalSection(ExtensibilityGlobals) = postSolution
		SolutionGuid = {5072E0D7-CF17-4160-872C-E25B4EE9A3A7}
	EndGlobalSection
EndGlobal
